<Solution>
  <Folder Name="/src/">
    <Project Path="src/NovaWallet.Api/NovaWallet.Api.csproj" />
    <Project Path="src/NovaWallet.Application/NovaWallet.Application.csproj" />
    <Project Path="src/NovaWallet.Domain/NovaWallet.Domain.csproj" />
    <Project Path="src/NovaWallet.Infrastructure/NovaWallet.Infrastructure.csproj" />
  </Folder>
  <Folder Name="/tests/">
    <Project Path="tests/NovaWallet.Application.Tests/NovaWallet.Application.Tests.csproj" />
    <Project Path="tests/NovaWallet.Domain.Tests/NovaWallet.Domain.Tests.csproj" />
    <Project Path="tests/NovaWallet.IntegrationTests/NovaWallet.IntegrationTests.csproj" />
  </Folder>
</Solution>
